
Microsoft Visual Studio Solution File, Format Version 12.00
Project("{FAE04EC0-301F-11D3-BF4B-00C04F79EFBC}") = "MovieShopMVC", "MovieShopMVC\MovieShopMVC.csproj", "{E2B9B191-DC6B-44CC-87DE-C18D80ACC7D7}"
EndProject
Project("{FAE04EC0-301F-11D3-BF4B-00C04F79EFBC}") = "ApplicationCore", "ApplicationCore\ApplicationCore.csproj", "{6937AEB7-AEB3-467B-B81F-9E4EAD4E254F}"
EndProject
Project("{FAE04EC0-301F-11D3-BF4B-00C04F79EFBC}") = "Infrastructure", "Infrastructure\Infrastructure.csproj", "{AE7F03FC-54DA-4DDD-95CF-88CB54FB9973}"
EndProject
Global
	GlobalSection(SolutionConfigurationPlatforms) = preSolution
		Debug|Any CPU = Debug|Any CPU
		Release|Any CPU = Release|Any CPU
	EndGlobalSection
	GlobalSection(ProjectConfigurationPlatforms) = postSolution
		{E2B9B191-DC6B-44CC-87DE-C18D80ACC7D7}.Debug|Any CPU.ActiveCfg = Debug|Any CPU
		{E2B9B191-DC6B-44CC-87DE-C18D80ACC7D7}.Debug|Any CPU.Build.0 = Debug|Any CPU
		{E2B9B191-DC6B-44CC-87DE-C18D80ACC7D7}.Release|Any CPU.ActiveCfg = Release|Any CPU
		{E2B9B191-DC6B-44CC-87DE-C18D80ACC7D7}.Release|Any CPU.Build.0 = Release|Any CPU
		{6937AEB7-AEB3-467B-B81F-9E4EAD4E254F}.Debug|Any CPU.ActiveCfg = Debug|Any CPU
		{6937AEB7-AEB3-467B-B81F-9E4EAD4E254F}.Debug|Any CPU.Build.0 = Debug|Any CPU
		{6937AEB7-AEB3-467B-B81F-9E4EAD4E254F}.Release|Any CPU.ActiveCfg = Release|Any CPU
		{6937AEB7-AEB3-467B-B81F-9E4EAD4E254F}.Release|Any CPU.Build.0 = Release|Any CPU
		{AE7F03FC-54DA-4DDD-95CF-88CB54FB9973}.Debug|Any CPU.ActiveCfg = Debug|Any CPU
		{AE7F03FC-54DA-4DDD-95CF-88CB54FB9973}.Debug|Any CPU.Build.0 = Debug|Any CPU
		{AE7F03FC-54DA-4DDD-95CF-88CB54FB9973}.Release|Any CPU.ActiveCfg = Release|Any CPU
		{AE7F03FC-54DA-4DDD-95CF-88CB54FB9973}.Release|Any CPU.Build.0 = Release|Any CPU
	EndGlobalSection
EndGlobal
